
Microsoft Visual Studio Solution File, Format Version 12.00
# Visual Studio Version 17
VisualStudioVersion = 17.3.32929.385
MinimumVisualStudioVersion = 10.0.40219.1
Project("{FAE04EC0-301F-11D3-BF4B-00C04F79EFBC}") = "test", "test\test.csproj", "{D6EDCA51-CCBB-4EA3-8462-8F6B3570DF30}"
EndProject
Global
	GlobalSection(SolutionConfigurationPlatforms) = preSolution
		Debug|Any CPU = Debug|Any CPU
		Release|Any CPU = Release|Any CPU
	EndGlobalSection
	GlobalSection(ProjectConfigurationPlatforms) = postSolution
		{D6EDCA51-CCBB-4EA3-8462-8F6B3570DF30}.Debug|Any CPU.ActiveCfg = Debug|Any CPU
		{D6EDCA51-CCBB-4EA3-8462-8F6B3570DF30}.Debug|Any CPU.Build.0 = Debug|Any CPU
		{D6EDCA51-CCBB-4EA3-8462-8F6B3570DF30}.Release|Any CPU.ActiveCfg = Release|Any CPU
		{D6EDCA51-CCBB-4EA3-8462-8F6B3570DF30}.Release|Any CPU.Build.0 = Release|Any CPU
	EndGlobalSection
	GlobalSection(SolutionProperties) = preSolution
		HideSolutionNode = FALSE
	EndGlobalSection
	GlobalSection(ExtensibilityGlobals) = postSolution
		SolutionGuid = {10FA5392-D1D0-48BA-A817-EA17DFF37A83}
	EndGlobalSection
EndGlobal
