
Microsoft Visual Studio Solution File, Format Version 12.00
# Visual Studio Version 17
VisualStudioVersion = 17.3.32929.385
MinimumVisualStudioVersion = 10.0.40219.1
Project("{FAE04EC0-301F-11D3-BF4B-00C04F79EFBC}") = "formTELES", "formTELES\formTELES.csproj", "{EF303593-859F-407C-97E2-B784749AAA60}"
EndProject
Global
	GlobalSection(SolutionConfigurationPlatforms) = preSolution
		Debug|Any CPU = Debug|Any CPU
		Release|Any CPU = Release|Any CPU
	EndGlobalSection
	GlobalSection(ProjectConfigurationPlatforms) = postSolution
		{EF303593-859F-407C-97E2-B784749AAA60}.Debug|Any CPU.ActiveCfg = Debug|Any CPU
		{EF303593-859F-407C-97E2-B784749AAA60}.Debug|Any CPU.Build.0 = Debug|Any CPU
		{EF303593-859F-407C-97E2-B784749AAA60}.Release|Any CPU.ActiveCfg = Release|Any CPU
		{EF303593-859F-407C-97E2-B784749AAA60}.Release|Any CPU.Build.0 = Release|Any CPU
	EndGlobalSection
	GlobalSection(SolutionProperties) = preSolution
		HideSolutionNode = FALSE
	EndGlobalSection
	GlobalSection(ExtensibilityGlobals) = postSolution
		SolutionGuid = {4B772BE5-14B5-43B2-B6EC-9EC6E93C3DAA}
	EndGlobalSection
EndGlobal
