
Microsoft Visual Studio Solution File, Format Version 12.00
# Visual Studio Version 17
VisualStudioVersion = 17.3.32929.385
MinimumVisualStudioVersion = 10.0.40219.1
Project("{FAE04EC0-301F-11D3-BF4B-00C04F79EFBC}") = "ToolFb", "ToolFb\ToolFb.csproj", "{38F71BE1-75C5-4994-9AE8-9D6996179EE9}"
EndProject
Global
	GlobalSection(SolutionConfigurationPlatforms) = preSolution
		Debug|Any CPU = Debug|Any CPU
		Release|Any CPU = Release|Any CPU
	EndGlobalSection
	GlobalSection(ProjectConfigurationPlatforms) = postSolution
		{38F71BE1-75C5-4994-9AE8-9D6996179EE9}.Debug|Any CPU.ActiveCfg = Debug|Any CPU
		{38F71BE1-75C5-4994-9AE8-9D6996179EE9}.Debug|Any CPU.Build.0 = Debug|Any CPU
		{38F71BE1-75C5-4994-9AE8-9D6996179EE9}.Release|Any CPU.ActiveCfg = Release|Any CPU
		{38F71BE1-75C5-4994-9AE8-9D6996179EE9}.Release|Any CPU.Build.0 = Release|Any CPU
	EndGlobalSection
	GlobalSection(SolutionProperties) = preSolution
		HideSolutionNode = FALSE
	EndGlobalSection
	GlobalSection(ExtensibilityGlobals) = postSolution
		SolutionGuid = {1C269EA7-ACDF-40F0-BEF6-C64AE69A9A59}
	EndGlobalSection
EndGlobal
