
Microsoft Visual Studio Solution File, Format Version 12.00
# Visual Studio Version 17
VisualStudioVersion = 17.3.32929.385
MinimumVisualStudioVersion = 10.0.40219.1
Project("{FAE04EC0-301F-11D3-BF4B-00C04F79EFBC}") = "TELES", "TELES\TELES.csproj", "{EAA8BB91-D85B-40D5-AB75-69B530929919}"
EndProject
Global
	GlobalSection(SolutionConfigurationPlatforms) = preSolution
		Debug|Any CPU = Debug|Any CPU
		Release|Any CPU = Release|Any CPU
	EndGlobalSection
	GlobalSection(ProjectConfigurationPlatforms) = postSolution
		{EAA8BB91-D85B-40D5-AB75-69B530929919}.Debug|Any CPU.ActiveCfg = Debug|Any CPU
		{EAA8BB91-D85B-40D5-AB75-69B530929919}.Debug|Any CPU.Build.0 = Debug|Any CPU
		{EAA8BB91-D85B-40D5-AB75-69B530929919}.Release|Any CPU.ActiveCfg = Release|Any CPU
		{EAA8BB91-D85B-40D5-AB75-69B530929919}.Release|Any CPU.Build.0 = Release|Any CPU
	EndGlobalSection
	GlobalSection(SolutionProperties) = preSolution
		HideSolutionNode = FALSE
	EndGlobalSection
	GlobalSection(ExtensibilityGlobals) = postSolution
		SolutionGuid = {ABDBACE5-2F08-4555-AACF-BFD29FB422DE}
	EndGlobalSection
EndGlobal
